
Microsoft Visual Studio Solution File, Format Version 12.00
# Visual Studio Version 17
VisualStudioVersion = 17.0.31903.59
MinimumVisualStudioVersion = 10.0.40219.1
Project("{2150E333-8FDC-42A3-9474-1A3956D46DE8}") = "src", "src", "{827E0CD3-B72D-47B6-A68D-7590B98EB39B}"
EndProject
Project("{FAE04EC0-301F-11D3-BF4B-00C04F79EFBC}") = "AzureMissionWorkspace.Application", "src\AzureMissionWorkspace.Application\AzureMissionWorkspace.Application.csproj", "{CA59C7DD-511E-4E7A-BA0A-2183800C043C}"
EndProject
Project("{FAE04EC0-301F-11D3-BF4B-00C04F79EFBC}") = "AzureMissionWorkspace.Domain", "src\AzureMissionWorkspace.Domain\AzureMissionWorkspace.Domain.csproj", "{63C50363-E09C-41E0-87A4-DCDC71B31132}"
EndProject
Project("{FAE04EC0-301F-11D3-BF4B-00C04F79EFBC}") = "AzureMissionWorkspace.Infrastructure", "src\AzureMissionWorkspace.Infrastructure\AzureMissionWorkspace.Infrastructure.csproj", "{71E5E909-3138-476D-A7BF-7A743865B5AD}"
EndProject
Project("{FAE04EC0-301F-11D3-BF4B-00C04F79EFBC}") = "AzureMissionWorkspace.ServicePatterns", "src\AzureMissionWorkspace.ServicePatterns\AzureMissionWorkspace.ServicePatterns.csproj", "{09EA0E95-7980-45C1-BC31-38DBA664E463}"
EndProject
Project("{FAE04EC0-301F-11D3-BF4B-00C04F79EFBC}") = "AzureMissionWorkspace.PolicyEngine", "src\AzureMissionWorkspace.PolicyEngine\AzureMissionWorkspace.PolicyEngine.csproj", "{A230D1B6-160C-4413-AC78-3957A8E6FB16}"
EndProject
Project("{FAE04EC0-301F-11D3-BF4B-00C04F79EFBC}") = "AzureMissionWorkspace.McpServer", "src\AzureMissionWorkspace.McpServer\AzureMissionWorkspace.McpServer.csproj", "{289EF8F5-B85E-4F3D-AA3B-C94933FE5E39}"
EndProject
Project("{FAE04EC0-301F-11D3-BF4B-00C04F79EFBC}") = "AzureMissionWorkspace.Worker", "src\AzureMissionWorkspace.Worker\AzureMissionWorkspace.Worker.csproj", "{FA3AF0A5-453A-4AFD-901B-2A113F0E09E7}"
EndProject
Project("{2150E333-8FDC-42A3-9474-1A3956D46DE8}") = "tests", "tests", "{0AB3BF05-4346-4AA6-1389-037BE0695223}"
EndProject
Project("{FAE04EC0-301F-11D3-BF4B-00C04F79EFBC}") = "AzureMissionWorkspace.Application.Tests", "tests\AzureMissionWorkspace.Application.Tests\AzureMissionWorkspace.Application.Tests.csproj", "{011895FD-42A3-4992-951D-551FA352292F}"
EndProject
Project("{FAE04EC0-301F-11D3-BF4B-00C04F79EFBC}") = "AzureMissionWorkspace.ArchitectureTests", "tests\AzureMissionWorkspace.ArchitectureTests\AzureMissionWorkspace.ArchitectureTests.csproj", "{E5C0875F-0B99-464E-9DE0-B29696D3B204}"
EndProject
Project("{FAE04EC0-301F-11D3-BF4B-00C04F79EFBC}") = "AzureMissionWorkspace.Domain.Tests", "tests\AzureMissionWorkspace.Domain.Tests\AzureMissionWorkspace.Domain.Tests.csproj", "{1D32C879-54ED-45EA-93B6-B066F9AB2357}"
EndProject
Project("{FAE04EC0-301F-11D3-BF4B-00C04F79EFBC}") = "AzureMissionWorkspace.IntegrationTests", "tests\AzureMissionWorkspace.IntegrationTests\AzureMissionWorkspace.IntegrationTests.csproj", "{9D2BFCC4-472E-4813-9D3F-E581B4621574}"
EndProject
Project("{FAE04EC0-301F-11D3-BF4B-00C04F79EFBC}") = "AzureMissionWorkspace.PolicyEngine.Tests", "tests\AzureMissionWorkspace.PolicyEngine.Tests\AzureMissionWorkspace.PolicyEngine.Tests.csproj", "{F0AB9E69-218B-4A1A-A961-9BD935241634}"
EndProject
Global
	GlobalSection(SolutionConfigurationPlatforms) = preSolution
		Debug|Any CPU = Debug|Any CPU
		Debug|x64 = Debug|x64
		Debug|x86 = Debug|x86
		Release|Any CPU = Release|Any CPU
		Release|x64 = Release|x64
		Release|x86 = Release|x86
	EndGlobalSection
	GlobalSection(ProjectConfigurationPlatforms) = postSolution
		{CA59C7DD-511E-4E7A-BA0A-2183800C043C}.Debug|Any CPU.ActiveCfg = Debug|Any CPU
		{CA59C7DD-511E-4E7A-BA0A-2183800C043C}.Debug|Any CPU.Build.0 = Debug|Any CPU
		{CA59C7DD-511E-4E7A-BA0A-2183800C043C}.Debug|x64.ActiveCfg = Debug|Any CPU
		{CA59C7DD-511E-4E7A-BA0A-2183800C043C}.Debug|x64.Build.0 = Debug|Any CPU
		{CA59C7DD-511E-4E7A-BA0A-2183800C043C}.Debug|x86.ActiveCfg = Debug|Any CPU
		{CA59C7DD-511E-4E7A-BA0A-2183800C043C}.Debug|x86.Build.0 = Debug|Any CPU
		{CA59C7DD-511E-4E7A-BA0A-2183800C043C}.Release|Any CPU.ActiveCfg = Release|Any CPU
		{CA59C7DD-511E-4E7A-BA0A-2183800C043C}.Release|Any CPU.Build.0 = Release|Any CPU
		{CA59C7DD-511E-4E7A-BA0A-2183800C043C}.Release|x64.ActiveCfg = Release|Any CPU
		{CA59C7DD-511E-4E7A-BA0A-2183800C043C}.Release|x64.Build.0 = Release|Any CPU
		{CA59C7DD-511E-4E7A-BA0A-2183800C043C}.Release|x86.ActiveCfg = Release|Any CPU
		{CA59C7DD-511E-4E7A-BA0A-2183800C043C}.Release|x86.Build.0 = Release|Any CPU
		{63C50363-E09C-41E0-87A4-DCDC71B31132}.Debug|Any CPU.ActiveCfg = Debug|Any CPU
		{63C50363-E09C-41E0-87A4-DCDC71B31132}.Debug|Any CPU.Build.0 = Debug|Any CPU
		{63C50363-E09C-41E0-87A4-DCDC71B31132}.Debug|x64.ActiveCfg = Debug|Any CPU
		{63C50363-E09C-41E0-87A4-DCDC71B31132}.Debug|x64.Build.0 = Debug|Any CPU
		{63C50363-E09C-41E0-87A4-DCDC71B31132}.Debug|x86.ActiveCfg = Debug|Any CPU
		{63C50363-E09C-41E0-87A4-DCDC71B31132}.Debug|x86.Build.0 = Debug|Any CPU
		{63C50363-E09C-41E0-87A4-DCDC71B31132}.Release|Any CPU.ActiveCfg = Release|Any CPU
		{63C50363-E09C-41E0-87A4-DCDC71B31132}.Release|Any CPU.Build.0 = Release|Any CPU
		{63C50363-E09C-41E0-87A4-DCDC71B31132}.Release|x64.ActiveCfg = Release|Any CPU
		{63C50363-E09C-41E0-87A4-DCDC71B31132}.Release|x64.Build.0 = Release|Any CPU
		{63C50363-E09C-41E0-87A4-DCDC71B31132}.Release|x86.ActiveCfg = Release|Any CPU
		{63C50363-E09C-41E0-87A4-DCDC71B31132}.Release|x86.Build.0 = Release|Any CPU
		{71E5E909-3138-476D-A7BF-7A743865B5AD}.Debug|Any CPU.ActiveCfg = Debug|Any CPU
		{71E5E909-3138-476D-A7BF-7A743865B5AD}.Debug|Any CPU.Build.0 = Debug|Any CPU
		{71E5E909-3138-476D-A7BF-7A743865B5AD}.Debug|x64.ActiveCfg = Debug|Any CPU
		{71E5E909-3138-476D-A7BF-7A743865B5AD}.Debug|x64.Build.0 = Debug|Any CPU
		{71E5E909-3138-476D-A7BF-7A743865B5AD}.Debug|x86.ActiveCfg = Debug|Any CPU
		{71E5E909-3138-476D-A7BF-7A743865B5AD}.Debug|x86.Build.0 = Debug|Any CPU
		{71E5E909-3138-476D-A7BF-7A743865B5AD}.Release|Any CPU.ActiveCfg = Release|Any CPU
		{71E5E909-3138-476D-A7BF-7A743865B5AD}.Release|Any CPU.Build.0 = Release|Any CPU
		{71E5E909-3138-476D-A7BF-7A743865B5AD}.Release|x64.ActiveCfg = Release|Any CPU
		{71E5E909-3138-476D-A7BF-7A743865B5AD}.Release|x64.Build.0 = Release|Any CPU
		{71E5E909-3138-476D-A7BF-7A743865B5AD}.Release|x86.ActiveCfg = Release|Any CPU
		{71E5E909-3138-476D-A7BF-7A743865B5AD}.Release|x86.Build.0 = Release|Any CPU
		{09EA0E95-7980-45C1-BC31-38DBA664E463}.Debug|Any CPU.ActiveCfg = Debug|Any CPU
		{09EA0E95-7980-45C1-BC31-38DBA664E463}.Debug|Any CPU.Build.0 = Debug|Any CPU
		{09EA0E95-7980-45C1-BC31-38DBA664E463}.Debug|x64.ActiveCfg = Debug|Any CPU
		{09EA0E95-7980-45C1-BC31-38DBA664E463}.Debug|x64.Build.0 = Debug|Any CPU
		{09EA0E95-7980-45C1-BC31-38DBA664E463}.Debug|x86.ActiveCfg = Debug|Any CPU
		{09EA0E95-7980-45C1-BC31-38DBA664E463}.Debug|x86.Build.0 = Debug|Any CPU
		{09EA0E95-7980-45C1-BC31-38DBA664E463}.Release|Any CPU.ActiveCfg = Release|Any CPU
		{09EA0E95-7980-45C1-BC31-38DBA664E463}.Release|Any CPU.Build.0 = Release|Any CPU
		{09EA0E95-7980-45C1-BC31-38DBA664E463}.Release|x64.ActiveCfg = Release|Any CPU
		{09EA0E95-7980-45C1-BC31-38DBA664E463}.Release|x64.Build.0 = Release|Any CPU
		{09EA0E95-7980-45C1-BC31-38DBA664E463}.Release|x86.ActiveCfg = Release|Any CPU
		{09EA0E95-7980-45C1-BC31-38DBA664E463}.Release|x86.Build.0 = Release|Any CPU
		{A230D1B6-160C-4413-AC78-3957A8E6FB16}.Debug|Any CPU.ActiveCfg = Debug|Any CPU
		{A230D1B6-160C-4413-AC78-3957A8E6FB16}.Debug|Any CPU.Build.0 = Debug|Any CPU
		{A230D1B6-160C-4413-AC78-3957A8E6FB16}.Debug|x64.ActiveCfg = Debug|Any CPU
		{A230D1B6-160C-4413-AC78-3957A8E6FB16}.Debug|x64.Build.0 = Debug|Any CPU
		{A230D1B6-160C-4413-AC78-3957A8E6FB16}.Debug|x86.ActiveCfg = Debug|Any CPU
		{A230D1B6-160C-4413-AC78-3957A8E6FB16}.Debug|x86.Build.0 = Debug|Any CPU
		{A230D1B6-160C-4413-AC78-3957A8E6FB16}.Release|Any CPU.ActiveCfg = Release|Any CPU
		{A230D1B6-160C-4413-AC78-3957A8E6FB16}.Release|Any CPU.Build.0 = Release|Any CPU
		{A230D1B6-160C-4413-AC78-3957A8E6FB16}.Release|x64.ActiveCfg = Release|Any CPU
		{A230D1B6-160C-4413-AC78-3957A8E6FB16}.Release|x64.Build.0 = Release|Any CPU
		{A230D1B6-160C-4413-AC78-3957A8E6FB16}.Release|x86.ActiveCfg = Release|Any CPU
		{A230D1B6-160C-4413-AC78-3957A8E6FB16}.Release|x86.Build.0 = Release|Any CPU
		{289EF8F5-B85E-4F3D-AA3B-C94933FE5E39}.Debug|Any CPU.ActiveCfg = Debug|Any CPU
		{289EF8F5-B85E-4F3D-AA3B-C94933FE5E39}.Debug|Any CPU.Build.0 = Debug|Any CPU
		{289EF8F5-B85E-4F3D-AA3B-C94933FE5E39}.Debug|x64.ActiveCfg = Debug|Any CPU
		{289EF8F5-B85E-4F3D-AA3B-C94933FE5E39}.Debug|x64.Build.0 = Debug|Any CPU
		{289EF8F5-B85E-4F3D-AA3B-C94933FE5E39}.Debug|x86.ActiveCfg = Debug|Any CPU
		{289EF8F5-B85E-4F3D-AA3B-C94933FE5E39}.Debug|x86.Build.0 = Debug|Any CPU
		{289EF8F5-B85E-4F3D-AA3B-C94933FE5E39}.Release|Any CPU.ActiveCfg = Release|Any CPU
		{289EF8F5-B85E-4F3D-AA3B-C94933FE5E39}.Release|Any CPU.Build.0 = Release|Any CPU
		{289EF8F5-B85E-4F3D-AA3B-C94933FE5E39}.Release|x64.ActiveCfg = Release|Any CPU
		{289EF8F5-B85E-4F3D-AA3B-C94933FE5E39}.Release|x64.Build.0 = Release|Any CPU
		{289EF8F5-B85E-4F3D-AA3B-C94933FE5E39}.Release|x86.ActiveCfg = Release|Any CPU
		{289EF8F5-B85E-4F3D-AA3B-C94933FE5E39}.Release|x86.Build.0 = Release|Any CPU
		{FA3AF0A5-453A-4AFD-901B-2A113F0E09E7}.Debug|Any CPU.ActiveCfg = Debug|Any CPU
		{FA3AF0A5-453A-4AFD-901B-2A113F0E09E7}.Debug|Any CPU.Build.0 = Debug|Any CPU
		{FA3AF0A5-453A-4AFD-901B-2A113F0E09E7}.Debug|x64.ActiveCfg = Debug|Any CPU
		{FA3AF0A5-453A-4AFD-901B-2A113F0E09E7}.Debug|x64.Build.0 = Debug|Any CPU
		{FA3AF0A5-453A-4AFD-901B-2A113F0E09E7}.Debug|x86.ActiveCfg = Debug|Any CPU
		{FA3AF0A5-453A-4AFD-901B-2A113F0E09E7}.Debug|x86.Build.0 = Debug|Any CPU
		{FA3AF0A5-453A-4AFD-901B-2A113F0E09E7}.Release|Any CPU.ActiveCfg = Release|Any CPU
		{FA3AF0A5-453A-4AFD-901B-2A113F0E09E7}.Release|Any CPU.Build.0 = Release|Any CPU
		{FA3AF0A5-453A-4AFD-901B-2A113F0E09E7}.Release|x64.ActiveCfg = Release|Any CPU
		{FA3AF0A5-453A-4AFD-901B-2A113F0E09E7}.Release|x64.Build.0 = Release|Any CPU
		{FA3AF0A5-453A-4AFD-901B-2A113F0E09E7}.Release|x86.ActiveCfg = Release|Any CPU
		{FA3AF0A5-453A-4AFD-901B-2A113F0E09E7}.Release|x86.Build.0 = Release|Any CPU
		{011895FD-42A3-4992-951D-551FA352292F}.Debug|Any CPU.ActiveCfg = Debug|Any CPU
		{011895FD-42A3-4992-951D-551FA352292F}.Debug|Any CPU.Build.0 = Debug|Any CPU
		{011895FD-42A3-4992-951D-551FA352292F}.Debug|x64.ActiveCfg = Debug|Any CPU
		{011895FD-42A3-4992-951D-551FA352292F}.Debug|x64.Build.0 = Debug|Any CPU
		{011895FD-42A3-4992-951D-551FA352292F}.Debug|x86.ActiveCfg = Debug|Any CPU
		{011895FD-42A3-4992-951D-551FA352292F}.Debug|x86.Build.0 = Debug|Any CPU
		{011895FD-42A3-4992-951D-551FA352292F}.Release|Any CPU.ActiveCfg = Release|Any CPU
		{011895FD-42A3-4992-951D-551FA352292F}.Release|Any CPU.Build.0 = Release|Any CPU
		{011895FD-42A3-4992-951D-551FA352292F}.Release|x64.ActiveCfg = Release|Any CPU
		{011895FD-42A3-4992-951D-551FA352292F}.Release|x64.Build.0 = Release|Any CPU
		{011895FD-42A3-4992-951D-551FA352292F}.Release|x86.ActiveCfg = Release|Any CPU
		{011895FD-42A3-4992-951D-551FA352292F}.Release|x86.Build.0 = Release|Any CPU
		{E5C0875F-0B99-464E-9DE0-B29696D3B204}.Debug|Any CPU.ActiveCfg = Debug|Any CPU
		{E5C0875F-0B99-464E-9DE0-B29696D3B204}.Debug|Any CPU.Build.0 = Debug|Any CPU
		{E5C0875F-0B99-464E-9DE0-B29696D3B204}.Debug|x64.ActiveCfg = Debug|Any CPU
		{E5C0875F-0B99-464E-9DE0-B29696D3B204}.Debug|x64.Build.0 = Debug|Any CPU
		{E5C0875F-0B99-464E-9DE0-B29696D3B204}.Debug|x86.ActiveCfg = Debug|Any CPU
		{E5C0875F-0B99-464E-9DE0-B29696D3B204}.Debug|x86.Build.0 = Debug|Any CPU
		{E5C0875F-0B99-464E-9DE0-B29696D3B204}.Release|Any CPU.ActiveCfg = Release|Any CPU
		{E5C0875F-0B99-464E-9DE0-B29696D3B204}.Release|Any CPU.Build.0 = Release|Any CPU
		{E5C0875F-0B99-464E-9DE0-B29696D3B204}.Release|x64.ActiveCfg = Release|Any CPU
		{E5C0875F-0B99-464E-9DE0-B29696D3B204}.Release|x64.Build.0 = Release|Any CPU
		{E5C0875F-0B99-464E-9DE0-B29696D3B204}.Release|x86.ActiveCfg = Release|Any CPU
		{E5C0875F-0B99-464E-9DE0-B29696D3B204}.Release|x86.Build.0 = Release|Any CPU
		{1D32C879-54ED-45EA-93B6-B066F9AB2357}.Debug|Any CPU.ActiveCfg = Debug|Any CPU
		{1D32C879-54ED-45EA-93B6-B066F9AB2357}.Debug|Any CPU.Build.0 = Debug|Any CPU
		{1D32C879-54ED-45EA-93B6-B066F9AB2357}.Debug|x64.ActiveCfg = Debug|Any CPU
		{1D32C879-54ED-45EA-93B6-B066F9AB2357}.Debug|x64.Build.0 = Debug|Any CPU
		{1D32C879-54ED-45EA-93B6-B066F9AB2357}.Debug|x86.ActiveCfg = Debug|Any CPU
		{1D32C879-54ED-45EA-93B6-B066F9AB2357}.Debug|x86.Build.0 = Debug|Any CPU
		{1D32C879-54ED-45EA-93B6-B066F9AB2357}.Release|Any CPU.ActiveCfg = Release|Any CPU
		{1D32C879-54ED-45EA-93B6-B066F9AB2357}.Release|Any CPU.Build.0 = Release|Any CPU
		{1D32C879-54ED-45EA-93B6-B066F9AB2357}.Release|x64.ActiveCfg = Release|Any CPU
		{1D32C879-54ED-45EA-93B6-B066F9AB2357}.Release|x64.Build.0 = Release|Any CPU
		{1D32C879-54ED-45EA-93B6-B066F9AB2357}.Release|x86.ActiveCfg = Release|Any CPU
		{1D32C879-54ED-45EA-93B6-B066F9AB2357}.Release|x86.Build.0 = Release|Any CPU
		{9D2BFCC4-472E-4813-9D3F-E581B4621574}.Debug|Any CPU.ActiveCfg = Debug|Any CPU
		{9D2BFCC4-472E-4813-9D3F-E581B4621574}.Debug|Any CPU.Build.0 = Debug|Any CPU
		{9D2BFCC4-472E-4813-9D3F-E581B4621574}.Debug|x64.ActiveCfg = Debug|Any CPU
		{9D2BFCC4-472E-4813-9D3F-E581B4621574}.Debug|x64.Build.0 = Debug|Any CPU
		{9D2BFCC4-472E-4813-9D3F-E581B4621574}.Debug|x86.ActiveCfg = Debug|Any CPU
		{9D2BFCC4-472E-4813-9D3F-E581B4621574}.Debug|x86.Build.0 = Debug|Any CPU
		{9D2BFCC4-472E-4813-9D3F-E581B4621574}.Release|Any CPU.ActiveCfg = Release|Any CPU
		{9D2BFCC4-472E-4813-9D3F-E581B4621574}.Release|Any CPU.Build.0 = Release|Any CPU
		{9D2BFCC4-472E-4813-9D3F-E581B4621574}.Release|x64.ActiveCfg = Release|Any CPU
		{9D2BFCC4-472E-4813-9D3F-E581B4621574}.Release|x64.Build.0 = Release|Any CPU
		{9D2BFCC4-472E-4813-9D3F-E581B4621574}.Release|x86.ActiveCfg = Release|Any CPU
		{9D2BFCC4-472E-4813-9D3F-E581B4621574}.Release|x86.Build.0 = Release|Any CPU
		{F0AB9E69-218B-4A1A-A961-9BD935241634}.Debug|Any CPU.ActiveCfg = Debug|Any CPU
		{F0AB9E69-218B-4A1A-A961-9BD935241634}.Debug|Any CPU.Build.0 = Debug|Any CPU
		{F0AB9E69-218B-4A1A-A961-9BD935241634}.Debug|x64.ActiveCfg = Debug|Any CPU
		{F0AB9E69-218B-4A1A-A961-9BD935241634}.Debug|x64.Build.0 = Debug|Any CPU
		{F0AB9E69-218B-4A1A-A961-9BD935241634}.Debug|x86.ActiveCfg = Debug|Any CPU
		{F0AB9E69-218B-4A1A-A961-9BD935241634}.Debug|x86.Build.0 = Debug|Any CPU
		{F0AB9E69-218B-4A1A-A961-9BD935241634}.Release|Any CPU.ActiveCfg = Release|Any CPU
		{F0AB9E69-218B-4A1A-A961-9BD935241634}.Release|Any CPU.Build.0 = Release|Any CPU
		{F0AB9E69-218B-4A1A-A961-9BD935241634}.Release|x64.ActiveCfg = Release|Any CPU
		{F0AB9E69-218B-4A1A-A961-9BD935241634}.Release|x64.Build.0 = Release|Any CPU
		{F0AB9E69-218B-4A1A-A961-9BD935241634}.Release|x86.ActiveCfg = Release|Any CPU
		{F0AB9E69-218B-4A1A-A961-9BD935241634}.Release|x86.Build.0 = Release|Any CPU
	EndGlobalSection
	GlobalSection(SolutionProperties) = preSolution
		HideSolutionNode = FALSE
	EndGlobalSection
	GlobalSection(NestedProjects) = preSolution
		{CA59C7DD-511E-4E7A-BA0A-2183800C043C} = {827E0CD3-B72D-47B6-A68D-7590B98EB39B}
		{63C50363-E09C-41E0-87A4-DCDC71B31132} = {827E0CD3-B72D-47B6-A68D-7590B98EB39B}
		{71E5E909-3138-476D-A7BF-7A743865B5AD} = {827E0CD3-B72D-47B6-A68D-7590B98EB39B}
		{09EA0E95-7980-45C1-BC31-38DBA664E463} = {827E0CD3-B72D-47B6-A68D-7590B98EB39B}
		{A230D1B6-160C-4413-AC78-3957A8E6FB16} = {827E0CD3-B72D-47B6-A68D-7590B98EB39B}
		{289EF8F5-B85E-4F3D-AA3B-C94933FE5E39} = {827E0CD3-B72D-47B6-A68D-7590B98EB39B}
		{FA3AF0A5-453A-4AFD-901B-2A113F0E09E7} = {827E0CD3-B72D-47B6-A68D-7590B98EB39B}
		{011895FD-42A3-4992-951D-551FA352292F} = {0AB3BF05-4346-4AA6-1389-037BE0695223}
		{E5C0875F-0B99-464E-9DE0-B29696D3B204} = {0AB3BF05-4346-4AA6-1389-037BE0695223}
		{1D32C879-54ED-45EA-93B6-B066F9AB2357} = {0AB3BF05-4346-4AA6-1389-037BE0695223}
		{9D2BFCC4-472E-4813-9D3F-E581B4621574} = {0AB3BF05-4346-4AA6-1389-037BE0695223}
		{F0AB9E69-218B-4A1A-A961-9BD935241634} = {0AB3BF05-4346-4AA6-1389-037BE0695223}
	EndGlobalSection
EndGlobal
